Microsoft Visual Studio Solution File, Format Version 11.00
# Visual Studio 2008

Project("{66B220D2-B96D-0BF8-7EE5-56570F215E74}") = "CFBUnity", "Assembly-CSharp-firstpass.csproj", "{15E31029-1E36-FF4F-9417-FD8830E7333E}"
EndProject
Project("{66B220D2-B96D-0BF8-7EE5-56570F215E74}") = "CFBUnity", "Assembly-CSharp.csproj", "{32070BFC-E2B6-915C-253E-AD1D316B35CB}"
EndProject
Project("{66B220D2-B96D-0BF8-7EE5-56570F215E74}") = "CFBUnity", "Assembly-CSharp-Editor.csproj", "{3BC816D7-252D-2F48-828D-D659FB7C00B3}"
EndProject
Project("{66B220D2-B96D-0BF8-7EE5-56570F215E74}") = "CFBUnity", "Assembly-UnityScript.unityproj", "{778CE336-978A-1B7C-252D-57554E725BE3}"
EndProject
Global
	GlobalSection(SolutionConfigurationPlatforms) = preSolution
		Debug|Any CPU = Debug|Any CPU
		Release|Any CPU = Release|Any CPU
	EndGlobalSection
	GlobalSection(ProjectConfigurationPlatforms) = postSolution
		{15E31029-1E36-FF4F-9417-FD8830E7333E}.Debug|Any CPU.ActiveCfg = Debug|Any CPU
		{15E31029-1E36-FF4F-9417-FD8830E7333E}.Debug|Any CPU.Build.0 = Debug|Any CPU
		{15E31029-1E36-FF4F-9417-FD8830E7333E}.Release|Any CPU.ActiveCfg = Release|Any CPU
		{15E31029-1E36-FF4F-9417-FD8830E7333E}.Release|Any CPU.Build.0 = Release|Any CPU
		{32070BFC-E2B6-915C-253E-AD1D316B35CB}.Debug|Any CPU.ActiveCfg = Debug|Any CPU
		{32070BFC-E2B6-915C-253E-AD1D316B35CB}.Debug|Any CPU.Build.0 = Debug|Any CPU
		{32070BFC-E2B6-915C-253E-AD1D316B35CB}.Release|Any CPU.ActiveCfg = Release|Any CPU
		{32070BFC-E2B6-915C-253E-AD1D316B35CB}.Release|Any CPU.Build.0 = Release|Any CPU
		{3BC816D7-252D-2F48-828D-D659FB7C00B3}.Debug|Any CPU.ActiveCfg = Debug|Any CPU
		{3BC816D7-252D-2F48-828D-D659FB7C00B3}.Debug|Any CPU.Build.0 = Debug|Any CPU
		{3BC816D7-252D-2F48-828D-D659FB7C00B3}.Release|Any CPU.ActiveCfg = Release|Any CPU
		{3BC816D7-252D-2F48-828D-D659FB7C00B3}.Release|Any CPU.Build.0 = Release|Any CPU
		{778CE336-978A-1B7C-252D-57554E725BE3}.Debug|Any CPU.ActiveCfg = Debug|Any CPU
		{778CE336-978A-1B7C-252D-57554E725BE3}.Debug|Any CPU.Build.0 = Debug|Any CPU
		{778CE336-978A-1B7C-252D-57554E725BE3}.Release|Any CPU.ActiveCfg = Release|Any CPU
		{778CE336-978A-1B7C-252D-57554E725BE3}.Release|Any CPU.Build.0 = Release|Any CPU
	EndGlobalSection
	GlobalSection(SolutionProperties) = preSolution
		HideSolutionNode = FALSE
	EndGlobalSection
	GlobalSection(MonoDevelopProperties) = preSolution
		StartupItem = Assembly-CSharp.csproj
	EndGlobalSection
EndGlobal
