
Microsoft Visual Studio Solution File, Format Version 12.00
# Visual Studio 2015
Project("{FAE04EC0-301F-11D3-BF4B-00C04F79EFBC}") = "CFBUnity.CSharp.Plugins", "CFBUnity.CSharp.Plugins.csproj", "{B76C1C85-CC0E-FC65-A45A-BBF8B15BF890}"
EndProject
Project("{FAE04EC0-301F-11D3-BF4B-00C04F79EFBC}") = "CFBUnity.CSharp", "CFBUnity.CSharp.csproj", "{63849B7A-283B-542F-357F-6BDF0B094534}"
EndProject
Project("{FAE04EC0-301F-11D3-BF4B-00C04F79EFBC}") = "CFBUnity.CSharp.Editor", "CFBUnity.CSharp.Editor.csproj", "{AA2EF14E-29A3-9CFF-90B0-ECF311A9D8F2}"
EndProject
Global
	GlobalSection(SolutionConfigurationPlatforms) = preSolution
		Debug|Any CPU = Debug|Any CPU
		Release|Any CPU = Release|Any CPU
	EndGlobalSection
	GlobalSection(ProjectConfigurationPlatforms) = postSolution
		{B76C1C85-CC0E-FC65-A45A-BBF8B15BF890}.Debug|Any CPU.ActiveCfg = Debug|Any CPU
		{B76C1C85-CC0E-FC65-A45A-BBF8B15BF890}.Debug|Any CPU.Build.0 = Debug|Any CPU
		{B76C1C85-CC0E-FC65-A45A-BBF8B15BF890}.Release|Any CPU.ActiveCfg = Release|Any CPU
		{B76C1C85-CC0E-FC65-A45A-BBF8B15BF890}.Release|Any CPU.Build.0 = Release|Any CPU
		{63849B7A-283B-542F-357F-6BDF0B094534}.Debug|Any CPU.ActiveCfg = Debug|Any CPU
		{63849B7A-283B-542F-357F-6BDF0B094534}.Debug|Any CPU.Build.0 = Debug|Any CPU
		{63849B7A-283B-542F-357F-6BDF0B094534}.Release|Any CPU.ActiveCfg = Release|Any CPU
		{63849B7A-283B-542F-357F-6BDF0B094534}.Release|Any CPU.Build.0 = Release|Any CPU
		{AA2EF14E-29A3-9CFF-90B0-ECF311A9D8F2}.Debug|Any CPU.ActiveCfg = Debug|Any CPU
		{AA2EF14E-29A3-9CFF-90B0-ECF311A9D8F2}.Debug|Any CPU.Build.0 = Debug|Any CPU
		{AA2EF14E-29A3-9CFF-90B0-ECF311A9D8F2}.Release|Any CPU.ActiveCfg = Release|Any CPU
		{AA2EF14E-29A3-9CFF-90B0-ECF311A9D8F2}.Release|Any CPU.Build.0 = Release|Any CPU
	EndGlobalSection
	GlobalSection(SolutionProperties) = preSolution
		HideSolutionNode = FALSE
	EndGlobalSection
EndGlobal
